
Microsoft Visual Studio Solution File, Format Version 12.00
# Visual Studio Version 16
VisualStudioVersion = 16.0.29326.143
MinimumVisualStudioVersion = 10.0.40219.1
Project("{9A19103F-16F7-4668-BE54-9A1E7A4F7556}") = "Cinemateque2", "Cinemateque2\Cinemateque2.csproj", "{2607FDF1-DC52-488C-B8B4-A3E177B0D218}"
EndProject
Project("{FAE04EC0-301F-11D3-BF4B-00C04F79EFBC}") = "MoviesProcessing", "MoviesProcessing\MoviesProcessing.csproj", "{AB66B0EC-5C99-48D0-8DE6-65D363ED48B9}"
EndProject
Global
	GlobalSection(SolutionConfigurationPlatforms) = preSolution
		Debug|Any CPU = Debug|Any CPU
		Release|Any CPU = Release|Any CPU
	EndGlobalSection
	GlobalSection(ProjectConfigurationPlatforms) = postSolution
		{2607FDF1-DC52-488C-B8B4-A3E177B0D218}.Debug|Any CPU.ActiveCfg = Debug|Any CPU
		{2607FDF1-DC52-488C-B8B4-A3E177B0D218}.Debug|Any CPU.Build.0 = Debug|Any CPU
		{2607FDF1-DC52-488C-B8B4-A3E177B0D218}.Release|Any CPU.ActiveCfg = Release|Any CPU
		{2607FDF1-DC52-488C-B8B4-A3E177B0D218}.Release|Any CPU.Build.0 = Release|Any CPU
		{AB66B0EC-5C99-48D0-8DE6-65D363ED48B9}.Debug|Any CPU.ActiveCfg = Debug|Any CPU
		{AB66B0EC-5C99-48D0-8DE6-65D363ED48B9}.Debug|Any CPU.Build.0 = Debug|Any CPU
		{AB66B0EC-5C99-48D0-8DE6-65D363ED48B9}.Release|Any CPU.ActiveCfg = Release|Any CPU
		{AB66B0EC-5C99-48D0-8DE6-65D363ED48B9}.Release|Any CPU.Build.0 = Release|Any CPU
	EndGlobalSection
	GlobalSection(SolutionProperties) = preSolution
		HideSolutionNode = FALSE
	EndGlobalSection
	GlobalSection(ExtensibilityGlobals) = postSolution
		SolutionGuid = {AFFAA05F-D593-4D90-A2B9-004360834D7E}
	EndGlobalSection
EndGlobal
